// !$*UTF8*$!
{
	archiveVersion = 1;
	classes = {
	};
	objectVersion = 46;
	objects = {

/* Begin PBXBuildFile section */
		F50159221C18277B00A40945 /* main.m in Sources */ = {isa = PBXBuildFile; fileRef = F50159211C18277B00A40945 /* main.m */; };
		F50159251C18277B00A40945 /* AppDelegate.m in Sources */ = {isa = PBXBuildFile; fileRef = F50159241C18277B00A40945 /* AppDelegate.m */; };
		F50159281C18277B00A40945 /* ViewController.m in Sources */ = {isa = PBXBuildFile; fileRef = F50159271C18277B00A40945 /* ViewController.m */; };
		F501592B1C18277C00A40945 /* Main.storyboard in Resources */ = {isa = PBXBuildFile; fileRef = F50159291C18277C00A40945 /* Main.storyboard */; };
		F501592D1C18277C00A40945 /* Assets.xcassets in Resources */ = {isa = PBXBuildFile; fileRef = F501592C1C18277C00A40945 /* Assets.xcassets */; };
		F50159301C18277C00A40945 /* LaunchScreen.storyboard in Resources */ = {isa = PBXBuildFile; fileRef = F501592E1C18277C00A40945 /* LaunchScreen.storyboard */; };
		F501593B1C18277C00A40945 /* ATaskTests.m in Sources */ = {isa = PBXBuildFile; fileRef = F501593A1C18277C00A40945 /* ATaskTests.m */; };
		F50159461C18277C00A40945 /* ATaskUITests.m in Sources */ = {isa = PBXBuildFile; fileRef = F50159451C18277C00A40945 /* ATaskUITests.m */; };
		F50159571C182F9C00A40945 /* APerson.m in Sources */ = {isa = PBXBuildFile; fileRef = F50159561C182F9C00A40945 /* APerson.m */; };
		F50159581C182F9C00A40945 /* APerson.m in Sources */ = {isa = PBXBuildFile; fileRef = F50159561C182F9C00A40945 /* APerson.m */; };
		F50159591C182F9C00A40945 /* APerson.m in Sources */ = {isa = PBXBuildFile; fileRef = F50159561C182F9C00A40945 /* APerson.m */; };
		F501595C1C182FB000A40945 /* AURL.m in Sources */ = {isa = PBXBuildFile; fileRef = F501595B1C182FB000A40945 /* AURL.m */; };
		F501595D1C182FB000A40945 /* AURL.m in Sources */ = {isa = PBXBuildFile; fileRef = F501595B1C182FB000A40945 /* AURL.m */; };
		F501595E1C182FB000A40945 /* AURL.m in Sources */ = {isa = PBXBuildFile; fileRef = F501595B1C182FB000A40945 /* AURL.m */; };
		F50159611C182FBE00A40945 /* AEmoticon.m in Sources */ = {isa = PBXBuildFile; fileRef = F50159601C182FBE00A40945 /* AEmoticon.m */; };
		F50159621C182FBE00A40945 /* AEmoticon.m in Sources */ = {isa = PBXBuildFile; fileRef = F50159601C182FBE00A40945 /* AEmoticon.m */; };
		F50159631C182FBE00A40945 /* AEmoticon.m in Sources */ = {isa = PBXBuildFile; fileRef = F50159601C182FBE00A40945 /* AEmoticon.m */; };
		F50159671C18323900A40945 /* AMessageComponent.m in Sources */ = {isa = PBXBuildFile; fileRef = F50159661C18323900A40945 /* AMessageComponent.m */; };
		F50159681C18323900A40945 /* AMessageComponent.m in Sources */ = {isa = PBXBuildFile; fileRef = F50159661C18323900A40945 /* AMessageComponent.m */; };
		F50159691C18323900A40945 /* AMessageComponent.m in Sources */ = {isa = PBXBuildFile; fileRef = F50159661C18323900A40945 /* AMessageComponent.m */; };
		F501596C1C18332300A40945 /* AMessageConstruct.m in Sources */ = {isa = PBXBuildFile; fileRef = F501596B1C18332300A40945 /* AMessageConstruct.m */; };
		F501596D1C18332300A40945 /* AMessageConstruct.m in Sources */ = {isa = PBXBuildFile; fileRef = F501596B1C18332300A40945 /* AMessageConstruct.m */; };
		F501596E1C18332300A40945 /* AMessageConstruct.m in Sources */ = {isa = PBXBuildFile; fileRef = F501596B1C18332300A40945 /* AMessageConstruct.m */; };
		F50159721C18356500A40945 /* NSString+ChatParsing.m in Sources */ = {isa = PBXBuildFile; fileRef = F50159711C18356500A40945 /* NSString+ChatParsing.m */; };
		F50159731C18356500A40945 /* NSString+ChatParsing.m in Sources */ = {isa = PBXBuildFile; fileRef = F50159711C18356500A40945 /* NSString+ChatParsing.m */; };
		F50159741C18356500A40945 /* NSString+ChatParsing.m in Sources */ = {isa = PBXBuildFile; fileRef = F50159711C18356500A40945 /* NSString+ChatParsing.m */; };
		F5DA2F5A1C1902AE00B9EA04 /* TFHpple.m in Sources */ = {isa = PBXBuildFile; fileRef = F5DA2F551C1902AE00B9EA04 /* TFHpple.m */; };
		F5DA2F5B1C1902AE00B9EA04 /* TFHpple.m in Sources */ = {isa = PBXBuildFile; fileRef = F5DA2F551C1902AE00B9EA04 /* TFHpple.m */; };
		F5DA2F5C1C1902AE00B9EA04 /* TFHpple.m in Sources */ = {isa = PBXBuildFile; fileRef = F5DA2F551C1902AE00B9EA04 /* TFHpple.m */; };
		F5DA2F5D1C1902AE00B9EA04 /* TFHppleElement.m in Sources */ = {isa = PBXBuildFile; fileRef = F5DA2F571C1902AE00B9EA04 /* TFHppleElement.m */; };
		F5DA2F5E1C1902AE00B9EA04 /* TFHppleElement.m in Sources */ = {isa = PBXBuildFile; fileRef = F5DA2F571C1902AE00B9EA04 /* TFHppleElement.m */; };
		F5DA2F5F1C1902AE00B9EA04 /* TFHppleElement.m in Sources */ = {isa = PBXBuildFile; fileRef = F5DA2F571C1902AE00B9EA04 /* TFHppleElement.m */; };
		F5DA2F601C1902AE00B9EA04 /* XPathQuery.m in Sources */ = {isa = PBXBuildFile; fileRef = F5DA2F591C1902AE00B9EA04 /* XPathQuery.m */; };
		F5DA2F611C1902AE00B9EA04 /* XPathQuery.m in Sources */ = {isa = PBXBuildFile; fileRef = F5DA2F591C1902AE00B9EA04 /* XPathQuery.m */; };
		F5DA2F621C1902AE00B9EA04 /* XPathQuery.m in Sources */ = {isa = PBXBuildFile; fileRef = F5DA2F591C1902AE00B9EA04 /* XPathQuery.m */; };
		F5DA2F641C1902BC00B9EA04 /* LICENSE.txt in Resources */ = {isa = PBXBuildFile; fileRef = F5DA2F631C1902BC00B9EA04 /* LICENSE.txt */; };
		F5DA2F651C1902BC00B9EA04 /* LICENSE.txt in Resources */ = {isa = PBXBuildFile; fileRef = F5DA2F631C1902BC00B9EA04 /* LICENSE.txt */; };
		F5DA2F661C1902BC00B9EA04 /* LICENSE.txt in Resources */ = {isa = PBXBuildFile; fileRef = F5DA2F631C1902BC00B9EA04 /* LICENSE.txt */; };
		F5DA2F6A1C19042A00B9EA04 /* libxml2.2.dylib in Frameworks */ = {isa = PBXBuildFile; fileRef = F5DA2F691C19042A00B9EA04 /* libxml2.2.dylib */; };
		F5DA2F6B1C19084600B9EA04 /* libxml2.2.dylib in Frameworks */ = {isa = PBXBuildFile; fileRef = F5DA2F691C19042A00B9EA04 /* libxml2.2.dylib */; };
		F5DA2F6C1C19084600B9EA04 /* libxml2.2.dylib in Frameworks */ = {isa = PBXBuildFile; fileRef = F5DA2F691C19042A00B9EA04 /* libxml2.2.dylib */; };
/* End PBXBuildFile section */

/* Begin PBXContainerItemProxy section */
		F50159371C18277C00A40945 /* PBXContainerItemProxy */ = {
			isa = PBXContainerItemProxy;
			containerPortal = F50159151C18277B00A40945 /* Project object */;
			proxyType = 1;
			remoteGlobalIDString = F501591C1C18277B00A40945;
			remoteInfo = ATask;
		};
		F50159421C18277C00A40945 /* PBXContainerItemProxy */ = {
			isa = PBXContainerItemProxy;
			containerPortal = F50159151C18277B00A40945 /* Project object */;
			proxyType = 1;
			remoteGlobalIDString = F501591C1C18277B00A40945;
			remoteInfo = ATask;
		};
/* End PBXContainerItemProxy section */

/* Begin PBXFileReference section */
		F501591D1C18277B00A40945 /* ATask.app */ = {isa = PBXFileReference; explicitFileType = wrapper.application; includeInIndex = 0; path = ATask.app; sourceTree = BUILT_PRODUCTS_DIR; };
		F50159211C18277B00A40945 /* main.m */ = {isa = PBXFileReference; lastKnownFileType = sourcecode.c.objc; path = main.m; sourceTree = "<group>"; };
		F50159231C18277B00A40945 /* AppDelegate.h */ = {isa = PBXFileReference; lastKnownFileType = sourcecode.c.h; path = AppDelegate.h; sourceTree = "<group>"; };
		F50159241C18277B00A40945 /* AppDelegate.m */ = {isa = PBXFileReference; lastKnownFileType = sourcecode.c.objc; path = AppDelegate.m; sourceTree = "<group>"; };
		F50159261C18277B00A40945 /* ViewController.h */ = {isa = PBXFileReference; lastKnownFileType = sourcecode.c.h; path = ViewController.h; sourceTree = "<group>"; };
		F50159271C18277B00A40945 /* ViewController.m */ = {isa = PBXFileReference; lastKnownFileType = sourcecode.c.objc; path = ViewController.m; sourceTree = "<group>"; };
		F501592A1C18277C00A40945 /* Base */ = {isa = PBXFileReference; lastKnownFileType = file.storyboard; name = Base; path = Base.lproj/Main.storyboard; sourceTree = "<group>"; };
		F501592C1C18277C00A40945 /* Assets.xcassets */ = {isa = PBXFileReference; lastKnownFileType = folder.assetcatalog; path = Assets.xcassets; sourceTree = "<group>"; };
		F501592F1C18277C00A40945 /* Base */ = {isa = PBXFileReference; lastKnownFileType = file.storyboard; name = Base; path = Base.lproj/LaunchScreen.storyboard; sourceTree = "<group>"; };
		F50159311C18277C00A40945 /* Info.plist */ = {isa = PBXFileReference; lastKnownFileType = text.plist.xml; path = Info.plist; sourceTree = "<group>"; };
		F50159361C18277C00A40945 /* ATaskTests.xctest */ = {isa = PBXFileReference; explicitFileType = wrapper.cfbundle; includeInIndex = 0; path = ATaskTests.xctest; sourceTree = BUILT_PRODUCTS_DIR; };
		F501593A1C18277C00A40945 /* ATaskTests.m */ = {isa = PBXFileReference; lastKnownFileType = sourcecode.c.objc; path = ATaskTests.m; sourceTree = "<group>"; };
		F501593C1C18277C00A40945 /* Info.plist */ = {isa = PBXFileReference; lastKnownFileType = text.plist.xml; path = Info.plist; sourceTree = "<group>"; };
		F50159411C18277C00A40945 /* ATaskUITests.xctest */ = {isa = PBXFileReference; explicitFileType = wrapper.cfbundle; includeInIndex = 0; path = ATaskUITests.xctest; sourceTree = BUILT_PRODUCTS_DIR; };
		F50159451C18277C00A40945 /* ATaskUITests.m */ = {isa = PBXFileReference; lastKnownFileType = sourcecode.c.objc; path = ATaskUITests.m; sourceTree = "<group>"; };
		F50159471C18277C00A40945 /* Info.plist */ = {isa = PBXFileReference; lastKnownFileType = text.plist.xml; path = Info.plist; sourceTree = "<group>"; };
		F50159551C182F9C00A40945 /* APerson.h */ = {isa = PBXFileReference; fileEncoding = 4; lastKnownFileType = sourcecode.c.h; path = APerson.h; sourceTree = "<group>"; };
		F50159561C182F9C00A40945 /* APerson.m */ = {isa = PBXFileReference; fileEncoding = 4; lastKnownFileType = sourcecode.c.objc; path = APerson.m; sourceTree = "<group>"; };
		F501595A1C182FB000A40945 /* AURL.h */ = {isa = PBXFileReference; fileEncoding = 4; lastKnownFileType = sourcecode.c.h; path = AURL.h; sourceTree = "<group>"; };
		F501595B1C182FB000A40945 /* AURL.m */ = {isa = PBXFileReference; fileEncoding = 4; lastKnownFileType = sourcecode.c.objc; path = AURL.m; sourceTree = "<group>"; };
		F501595F1C182FBE00A40945 /* AEmoticon.h */ = {isa = PBXFileReference; fileEncoding = 4; lastKnownFileType = sourcecode.c.h; path = AEmoticon.h; sourceTree = "<group>"; };
		F50159601C182FBE00A40945 /* AEmoticon.m */ = {isa = PBXFileReference; fileEncoding = 4; lastKnownFileType = sourcecode.c.objc; path = AEmoticon.m; sourceTree = "<group>"; };
		F50159651C18323900A40945 /* AMessageComponent.h */ = {isa = PBXFileReference; fileEncoding = 4; lastKnownFileType = sourcecode.c.h; path = AMessageComponent.h; sourceTree = "<group>"; };
		F50159661C18323900A40945 /* AMessageComponent.m */ = {isa = PBXFileReference; fileEncoding = 4; lastKnownFileType = sourcecode.c.objc; path = AMessageComponent.m; sourceTree = "<group>"; };
		F501596A1C18332300A40945 /* AMessageConstruct.h */ = {isa = PBXFileReference; fileEncoding = 4; lastKnownFileType = sourcecode.c.h; path = AMessageConstruct.h; sourceTree = "<group>"; };
		F501596B1C18332300A40945 /* AMessageConstruct.m */ = {isa = PBXFileReference; fileEncoding = 4; lastKnownFileType = sourcecode.c.objc; path = AMessageConstruct.m; sourceTree = "<group>"; };
		F50159701C18356500A40945 /* NSString+ChatParsing.h */ = {isa = PBXFileReference; fileEncoding = 4; lastKnownFileType = sourcecode.c.h; path = "NSString+ChatParsing.h"; sourceTree = "<group>"; };
		F50159711C18356500A40945 /* NSString+ChatParsing.m */ = {isa = PBXFileReference; fileEncoding = 4; lastKnownFileType = sourcecode.c.objc; path = "NSString+ChatParsing.m"; sourceTree = "<group>"; };
		F5DA2F541C1902AE00B9EA04 /* TFHpple.h */ = {isa = PBXFileReference; fileEncoding = 4; lastKnownFileType = sourcecode.c.h; path = TFHpple.h; sourceTree = "<group>"; };
		F5DA2F551C1902AE00B9EA04 /* TFHpple.m */ = {isa = PBXFileReference; fileEncoding = 4; lastKnownFileType = sourcecode.c.objc; path = TFHpple.m; sourceTree = "<group>"; };
		F5DA2F561C1902AE00B9EA04 /* TFHppleElement.h */ = {isa = PBXFileReference; fileEncoding = 4; lastKnownFileType = sourcecode.c.h; path = TFHppleElement.h; sourceTree = "<group>"; };
		F5DA2F571C1902AE00B9EA04 /* TFHppleElement.m */ = {isa = PBXFileReference; fileEncoding = 4; lastKnownFileType = sourcecode.c.objc; path = TFHppleElement.m; sourceTree = "<group>"; };
		F5DA2F581C1902AE00B9EA04 /* XPathQuery.h */ = {isa = PBXFileReference; fileEncoding = 4; lastKnownFileType = sourcecode.c.h; path = XPathQuery.h; sourceTree = "<group>"; };
		F5DA2F591C1902AE00B9EA04 /* XPathQuery.m */ = {isa = PBXFileReference; fileEncoding = 4; lastKnownFileType = sourcecode.c.objc; path = XPathQuery.m; sourceTree = "<group>"; };
		F5DA2F631C1902BC00B9EA04 /* LICENSE.txt */ = {isa = PBXFileReference; fileEncoding = 4; lastKnownFileType = text; path = LICENSE.txt; sourceTree = "<group>"; };
		F5DA2F691C19042A00B9EA04 /* libxml2.2.dylib */ = {isa = PBXFileReference; lastKnownFileType = "compiled.mach-o.dylib"; name = libxml2.2.dylib; path = ../../../../usr/lib/libxml2.2.dylib; sourceTree = "<group>"; };
/* End PBXFileReference section */

/* Begin PBXFrameworksBuildPhase section */
		F501591A1C18277B00A40945 /* Frameworks */ = {
			isa = PBXFrameworksBuildPhase;
			buildActionMask = 2147483647;
			files = (
				F5DA2F6A1C19042A00B9EA04 /* libxml2.2.dylib in Frameworks */,
			);
			runOnlyForDeploymentPostprocessing = 0;
		};
		F50159331C18277C00A40945 /* Frameworks */ = {
			isa = PBXFrameworksBuildPhase;
			buildActionMask = 2147483647;
			files = (
				F5DA2F6B1C19084600B9EA04 /* libxml2.2.dylib in Frameworks */,
			);
			runOnlyForDeploymentPostprocessing = 0;
		};
		F501593E1C18277C00A40945 /* Frameworks */ = {
			isa = PBXFrameworksBuildPhase;
			buildActionMask = 2147483647;
			files = (
				F5DA2F6C1C19084600B9EA04 /* libxml2.2.dylib in Frameworks */,
			);
			runOnlyForDeploymentPostprocessing = 0;
		};
/* End PBXFrameworksBuildPhase section */

/* Begin PBXGroup section */
		F50159141C18277B00A40945 = {
			isa = PBXGroup;
			children = (
				F501591F1C18277B00A40945 /* ATask */,
				F5DA2F521C19028A00B9EA04 /* Frameworks */,
				F50159391C18277C00A40945 /* ATaskTests */,
				F50159441C18277C00A40945 /* ATaskUITests */,
				F501591E1C18277B00A40945 /* Products */,
			);
			sourceTree = "<group>";
		};
		F501591E1C18277B00A40945 /* Products */ = {
			isa = PBXGroup;
			children = (
				F501591D1C18277B00A40945 /* ATask.app */,
				F50159361C18277C00A40945 /* ATaskTests.xctest */,
				F50159411C18277C00A40945 /* ATaskUITests.xctest */,
			);
			name = Products;
			sourceTree = "<group>";
		};
		F501591F1C18277B00A40945 /* ATask */ = {
			isa = PBXGroup;
			children = (
				F50159751C183C5C00A40945 /* UI Assets */,
				F501596F1C1834D600A40945 /* Categories */,
				F50159541C182D0900A40945 /* View Controllers */,
				F50159531C182D0200A40945 /* Model */,
				F50159231C18277B00A40945 /* AppDelegate.h */,
				F50159241C18277B00A40945 /* AppDelegate.m */,
				F50159201C18277B00A40945 /* Supporting Files */,
			);
			path = ATask;
			sourceTree = "<group>";
		};
		F50159201C18277B00A40945 /* Supporting Files */ = {
			isa = PBXGroup;
			children = (
				F50159311C18277C00A40945 /* Info.plist */,
				F50159211C18277B00A40945 /* main.m */,
			);
			name = "Supporting Files";
			sourceTree = "<group>";
		};
		F50159391C18277C00A40945 /* ATaskTests */ = {
			isa = PBXGroup;
			children = (
				F501593A1C18277C00A40945 /* ATaskTests.m */,
				F501593C1C18277C00A40945 /* Info.plist */,
			);
			path = ATaskTests;
			sourceTree = "<group>";
		};
		F50159441C18277C00A40945 /* ATaskUITests */ = {
			isa = PBXGroup;
			children = (
				F50159451C18277C00A40945 /* ATaskUITests.m */,
				F50159471C18277C00A40945 /* Info.plist */,
			);
			path = ATaskUITests;
			sourceTree = "<group>";
		};
		F50159531C182D0200A40945 /* Model */ = {
			isa = PBXGroup;
			children = (
				F50159651C18323900A40945 /* AMessageComponent.h */,
				F50159661C18323900A40945 /* AMessageComponent.m */,
				F501596A1C18332300A40945 /* AMessageConstruct.h */,
				F501596B1C18332300A40945 /* AMessageConstruct.m */,
				F50159551C182F9C00A40945 /* APerson.h */,
				F50159561C182F9C00A40945 /* APerson.m */,
				F501595A1C182FB000A40945 /* AURL.h */,
				F501595B1C182FB000A40945 /* AURL.m */,
				F501595F1C182FBE00A40945 /* AEmoticon.h */,
				F50159601C182FBE00A40945 /* AEmoticon.m */,
			);
			name = Model;
			sourceTree = "<group>";
		};
		F50159541C182D0900A40945 /* View Controllers */ = {
			isa = PBXGroup;
			children = (
				F50159261C18277B00A40945 /* ViewController.h */,
				F50159271C18277B00A40945 /* ViewController.m */,
			);
			name = "View Controllers";
			sourceTree = "<group>";
		};
		F501596F1C1834D600A40945 /* Categories */ = {
			isa = PBXGroup;
			children = (
				F50159701C18356500A40945 /* NSString+ChatParsing.h */,
				F50159711C18356500A40945 /* NSString+ChatParsing.m */,
			);
			name = Categories;
			sourceTree = "<group>";
		};
		F50159751C183C5C00A40945 /* UI Assets */ = {
			isa = PBXGroup;
			children = (
				F50159291C18277C00A40945 /* Main.storyboard */,
				F501592C1C18277C00A40945 /* Assets.xcassets */,
				F501592E1C18277C00A40945 /* LaunchScreen.storyboard */,
			);
			name = "UI Assets";
			sourceTree = "<group>";
		};
		F5DA2F521C19028A00B9EA04 /* Frameworks */ = {
			isa = PBXGroup;
			children = (
				F5DA2F691C19042A00B9EA04 /* libxml2.2.dylib */,
				F5DA2F531C19029700B9EA04 /* Hpple */,
			);
			name = Frameworks;
			sourceTree = "<group>";
		};
		F5DA2F531C19029700B9EA04 /* Hpple */ = {
			isa = PBXGroup;
			children = (
				F5DA2F631C1902BC00B9EA04 /* LICENSE.txt */,
				F5DA2F541C1902AE00B9EA04 /* TFHpple.h */,
				F5DA2F551C1902AE00B9EA04 /* TFHpple.m */,
				F5DA2F561C1902AE00B9EA04 /* TFHppleElement.h */,
				F5DA2F571C1902AE00B9EA04 /* TFHppleElement.m */,
				F5DA2F581C1902AE00B9EA04 /* XPathQuery.h */,
				F5DA2F591C1902AE00B9EA04 /* XPathQuery.m */,
			);
			name = Hpple;
			sourceTree = "<group>";
		};
/* End PBXGroup section */

/* Begin PBXNativeTarget section */
		F501591C1C18277B00A40945 /* ATask */ = {
			isa = PBXNativeTarget;
			buildConfigurationList = F501594A1C18277C00A40945 /* Build configuration list for PBXNativeTarget "ATask" */;
			buildPhases = (
				F50159191C18277B00A40945 /* Sources */,
				F501591A1C18277B00A40945 /* Frameworks */,
				F501591B1C18277B00A40945 /* Resources */,
			);
			buildRules = (
			);
			dependencies = (
			);
			name = ATask;
			productName = ATask;
			productReference = F501591D1C18277B00A40945 /* ATask.app */;
			productType = "com.apple.product-type.application";
		};
		F50159351C18277C00A40945 /* ATaskTests */ = {
			isa = PBXNativeTarget;
			buildConfigurationList = F501594D1C18277C00A40945 /* Build configuration list for PBXNativeTarget "ATaskTests" */;
			buildPhases = (
				F50159321C18277C00A40945 /* Sources */,
				F50159331C18277C00A40945 /* Frameworks */,
				F50159341C18277C00A40945 /* Resources */,
			);
			buildRules = (
			);
			dependencies = (
				F50159381C18277C00A40945 /* PBXTargetDependency */,
			);
			name = ATaskTests;
			productName = ATaskTests;
			productReference = F50159361C18277C00A40945 /* ATaskTests.xctest */;
			productType = "com.apple.product-type.bundle.unit-test";
		};
		F50159401C18277C00A40945 /* ATaskUITests */ = {
			isa = PBXNativeTarget;
			buildConfigurationList = F50159501C18277C00A40945 /* Build configuration list for PBXNativeTarget "ATaskUITests" */;
			buildPhases = (
				F501593D1C18277C00A40945 /* Sources */,
				F501593E1C18277C00A40945 /* Frameworks */,
				F501593F1C18277C00A40945 /* Resources */,
			);
			buildRules = (
			);
			dependencies = (
				F50159431C18277C00A40945 /* PBXTargetDependency */,
			);
			name = ATaskUITests;
			productName = ATaskUITests;
			productReference = F50159411C18277C00A40945 /* ATaskUITests.xctest */;
			productType = "com.apple.product-type.bundle.ui-testing";
		};
/* End PBXNativeTarget section */

/* Begin PBXProject section */
		F50159151C18277B00A40945 /* Project object */ = {
			isa = PBXProject;
			attributes = {
				LastUpgradeCheck = 0710;
				ORGANIZATIONNAME = "Vlad Paraschiv";
				TargetAttributes = {
					F501591C1C18277B00A40945 = {
						CreatedOnToolsVersion = 7.1.1;
					};
					F50159351C18277C00A40945 = {
						CreatedOnToolsVersion = 7.1.1;
						TestTargetID = F501591C1C18277B00A40945;
					};
					F50159401C18277C00A40945 = {
						CreatedOnToolsVersion = 7.1.1;
						TestTargetID = F501591C1C18277B00A40945;
					};
				};
			};
			buildConfigurationList = F50159181C18277B00A40945 /* Build configuration list for PBXProject "ATask" */;
			compatibilityVersion = "Xcode 3.2";
			developmentRegion = English;
			hasScannedForEncodings = 0;
			knownRegions = (
				en,
				Base,
			);
			mainGroup = F50159141C18277B00A40945;
			productRefGroup = F501591E1C18277B00A40945 /* Products */;
			projectDirPath = "";
			projectRoot = "";
			targets = (
				F501591C1C18277B00A40945 /* ATask */,
				F50159351C18277C00A40945 /* ATaskTests */,
				F50159401C18277C00A40945 /* ATaskUITests */,
			);
		};
/* End PBXProject section */

/* Begin PBXResourcesBuildPhase section */
		F501591B1C18277B00A40945 /* Resources */ = {
			isa = PBXResourcesBuildPhase;
			buildActionMask = 2147483647;
			files = (
				F5DA2F641C1902BC00B9EA04 /* LICENSE.txt in Resources */,
				F50159301C18277C00A40945 /* LaunchScreen.storyboard in Resources */,
				F501592D1C18277C00A40945 /* Assets.xcassets in Resources */,
				F501592B1C18277C00A40945 /* Main.storyboard in Resources */,
			);
			runOnlyForDeploymentPostprocessing = 0;
		};
		F50159341C18277C00A40945 /* Resources */ = {
			isa = PBXResourcesBuildPhase;
			buildActionMask = 2147483647;
			files = (
				F5DA2F651C1902BC00B9EA04 /* LICENSE.txt in Resources */,
			);
			runOnlyForDeploymentPostprocessing = 0;
		};
		F501593F1C18277C00A40945 /* Resources */ = {
			isa = PBXResourcesBuildPhase;
			buildActionMask = 2147483647;
			files = (
				F5DA2F661C1902BC00B9EA04 /* LICENSE.txt in Resources */,
			);
			runOnlyForDeploymentPostprocessing = 0;
		};
/* End PBXResourcesBuildPhase section */

/* Begin PBXSourcesBuildPhase section */
		F50159191C18277B00A40945 /* Sources */ = {
			isa = PBXSourcesBuildPhase;
			buildActionMask = 2147483647;
			files = (
				F501595C1C182FB000A40945 /* AURL.m in Sources */,
				F50159571C182F9C00A40945 /* APerson.m in Sources */,
				F501596C1C18332300A40945 /* AMessageConstruct.m in Sources */,
				F50159281C18277B00A40945 /* ViewController.m in Sources */,
				F50159671C18323900A40945 /* AMessageComponent.m in Sources */,
				F5DA2F5A1C1902AE00B9EA04 /* TFHpple.m in Sources */,
				F50159721C18356500A40945 /* NSString+ChatParsing.m in Sources */,
				F50159251C18277B00A40945 /* AppDelegate.m in Sources */,
				F50159221C18277B00A40945 /* main.m in Sources */,
				F50159611C182FBE00A40945 /* AEmoticon.m in Sources */,
				F5DA2F601C1902AE00B9EA04 /* XPathQuery.m in Sources */,
				F5DA2F5D1C1902AE00B9EA04 /* TFHppleElement.m in Sources */,
			);
			runOnlyForDeploymentPostprocessing = 0;
		};
		F50159321C18277C00A40945 /* Sources */ = {
			isa = PBXSourcesBuildPhase;
			buildActionMask = 2147483647;
			files = (
				F50159681C18323900A40945 /* AMessageComponent.m in Sources */,
				F50159581C182F9C00A40945 /* APerson.m in Sources */,
				F5DA2F611C1902AE00B9EA04 /* XPathQuery.m in Sources */,
				F50159731C18356500A40945 /* NSString+ChatParsing.m in Sources */,
				F50159621C182FBE00A40945 /* AEmoticon.m in Sources */,
				F501595D1C182FB000A40945 /* AURL.m in Sources */,
				F501596D1C18332300A40945 /* AMessageConstruct.m in Sources */,
				F5DA2F5E1C1902AE00B9EA04 /* TFHppleElement.m in Sources */,
				F501593B1C18277C00A40945 /* ATaskTests.m in Sources */,
				F5DA2F5B1C1902AE00B9EA04 /* TFHpple.m in Sources */,
			);
			runOnlyForDeploymentPostprocessing = 0;
		};
		F501593D1C18277C00A40945 /* Sources */ = {
			isa = PBXSourcesBuildPhase;
			buildActionMask = 2147483647;
			files = (
				F50159691C18323900A40945 /* AMessageComponent.m in Sources */,
				F50159591C182F9C00A40945 /* APerson.m in Sources */,
				F5DA2F621C1902AE00B9EA04 /* XPathQuery.m in Sources */,
				F50159741C18356500A40945 /* NSString+ChatParsing.m in Sources */,
				F50159631C182FBE00A40945 /* AEmoticon.m in Sources */,
				F501595E1C182FB000A40945 /* AURL.m in Sources */,
				F501596E1C18332300A40945 /* AMessageConstruct.m in Sources */,
				F5DA2F5F1C1902AE00B9EA04 /* TFHppleElement.m in Sources */,
				F50159461C18277C00A40945 /* ATaskUITests.m in Sources */,
				F5DA2F5C1C1902AE00B9EA04 /* TFHpple.m in Sources */,
			);
			runOnlyForDeploymentPostprocessing = 0;
		};
/* End PBXSourcesBuildPhase section */

/* Begin PBXTargetDependency section */
		F50159381C18277C00A40945 /* PBXTargetDependency */ = {
			isa = PBXTargetDependency;
			target = F501591C1C18277B00A40945 /* ATask */;
			targetProxy = F50159371C18277C00A40945 /* PBXContainerItemProxy */;
		};
		F50159431C18277C00A40945 /* PBXTargetDependency */ = {
			isa = PBXTargetDependency;
			target = F501591C1C18277B00A40945 /* ATask */;
			targetProxy = F50159421C18277C00A40945 /* PBXContainerItemProxy */;
		};
/* End PBXTargetDependency section */

/* Begin PBXVariantGroup section */
		F50159291C18277C00A40945 /* Main.storyboard */ = {
			isa = PBXVariantGroup;
			children = (
				F501592A1C18277C00A40945 /* Base */,
			);
			name = Main.storyboard;
			sourceTree = "<group>";
		};
		F501592E1C18277C00A40945 /* LaunchScreen.storyboard */ = {
			isa = PBXVariantGroup;
			children = (
				F501592F1C18277C00A40945 /* Base */,
			);
			name = LaunchScreen.storyboard;
			sourceTree = "<group>";
		};
/* End PBXVariantGroup section */

/* Begin XCBuildConfiguration section */
		F50159481C18277C00A40945 /* Debug */ = {
			isa = XCBuildConfiguration;
			buildSettings = {
				ALWAYS_SEARCH_USER_PATHS = NO;
				CLANG_CXX_LANGUAGE_STANDARD = "gnu++0x";
				CLANG_CXX_LIBRARY = "libc++";
				CLANG_ENABLE_MODULES = YES;
				CLANG_ENABLE_OBJC_ARC = YES;
				CLANG_WARN_BOOL_CONVERSION = YES;
				CLANG_WARN_CONSTANT_CONVERSION = YES;
				CLANG_WARN_DIRECT_OBJC_ISA_USAGE = YES_ERROR;
				CLANG_WARN_EMPTY_BODY = YES;
				CLANG_WARN_ENUM_CONVERSION = YES;
				CLANG_WARN_INT_CONVERSION = YES;
				CLANG_WARN_OBJC_ROOT_CLASS = YES_ERROR;
				CLANG_WARN_UNREACHABLE_CODE = YES;
				CLANG_WARN__DUPLICATE_METHOD_MATCH = YES;
				"CODE_SIGN_IDENTITY[sdk=iphoneos*]" = "iPhone Developer";
				COPY_PHASE_STRIP = NO;
				DEBUG_INFORMATION_FORMAT = dwarf;
				ENABLE_STRICT_OBJC_MSGSEND = YES;
				ENABLE_TESTABILITY = YES;
				GCC_C_LANGUAGE_STANDARD = gnu99;
				GCC_DYNAMIC_NO_PIC = NO;
				GCC_NO_COMMON_BLOCKS = YES;
				GCC_OPTIMIZATION_LEVEL = 0;
				GCC_PREPROCESSOR_DEFINITIONS = (
					"DEBUG=1",
					"$(inherited)",
				);
				GCC_WARN_64_TO_32_BIT_CONVERSION = YES;
				GCC_WARN_ABOUT_RETURN_TYPE = YES_ERROR;
				GCC_WARN_UNDECLARED_SELECTOR = YES;
				GCC_WARN_UNINITIALIZED_AUTOS = YES_AGGRESSIVE;
				GCC_WARN_UNUSED_FUNCTION = YES;
				GCC_WARN_UNUSED_VARIABLE = YES;
				HEADER_SEARCH_PATHS = "${SDKROOT}/usr/include/libxml2";
				IPHONEOS_DEPLOYMENT_TARGET = 9.1;
				MTL_ENABLE_DEBUG_INFO = YES;
				ONLY_ACTIVE_ARCH = YES;
				SDKROOT = iphoneos;
				TARGETED_DEVICE_FAMILY = "1,2";
			};
			name = Debug;
		};
		F50159491C18277C00A40945 /* Release */ = {
			isa = XCBuildConfiguration;
			buildSettings = {
				ALWAYS_SEARCH_USER_PATHS = NO;
				CLANG_CXX_LANGUAGE_STANDARD = "gnu++0x";
				CLANG_CXX_LIBRARY = "libc++";
				CLANG_ENABLE_MODULES = YES;
				CLANG_ENABLE_OBJC_ARC = YES;
				CLANG_WARN_BOOL_CONVERSION = YES;
				CLANG_WARN_CONSTANT_CONVERSION = YES;
				CLANG_WARN_DIRECT_OBJC_ISA_USAGE = YES_ERROR;
				CLANG_WARN_EMPTY_BODY = YES;
				CLANG_WARN_ENUM_CONVERSION = YES;
				CLANG_WARN_INT_CONVERSION = YES;
				CLANG_WARN_OBJC_ROOT_CLASS = YES_ERROR;
				CLANG_WARN_UNREACHABLE_CODE = YES;
				CLANG_WARN__DUPLICATE_METHOD_MATCH = YES;
				"CODE_SIGN_IDENTITY[sdk=iphoneos*]" = "iPhone Developer";
				COPY_PHASE_STRIP = NO;
				DEBUG_INFORMATION_FORMAT = "dwarf-with-dsym";
				ENABLE_NS_ASSERTIONS = NO;
				ENABLE_STRICT_OBJC_MSGSEND = YES;
				GCC_C_LANGUAGE_STANDARD = gnu99;
				GCC_NO_COMMON_BLOCKS = YES;
				GCC_WARN_64_TO_32_BIT_CONVERSION = YES;
				GCC_WARN_ABOUT_RETURN_TYPE = YES_ERROR;
				GCC_WARN_UNDECLARED_SELECTOR = YES;
				GCC_WARN_UNINITIALIZED_AUTOS = YES_AGGRESSIVE;
				GCC_WARN_UNUSED_FUNCTION = YES;
				GCC_WARN_UNUSED_VARIABLE = YES;
				HEADER_SEARCH_PATHS = "${SDKROOT}/usr/include/libxml2";
				IPHONEOS_DEPLOYMENT_TARGET = 9.1;
				MTL_ENABLE_DEBUG_INFO = NO;
				SDKROOT = iphoneos;
				TARGETED_DEVICE_FAMILY = "1,2";
				VALIDATE_PRODUCT = YES;
			};
			name = Release;
		};
		F501594B1C18277C00A40945 /* Debug */ = {
			isa = XCBuildConfiguration;
			buildSettings = {
				ASSETCATALOG_COMPILER_APPICON_NAME = AppIcon;
				ASSETCATALOG_COMPILER_LAUNCHIMAGE_NAME = LaunchImage;
				CODE_SIGN_IDENTITY = "iPhone Developer";
				INFOPLIST_FILE = ATask/Info.plist;
				IPHONEOS_DEPLOYMENT_TARGET = 7.0;
				LD_RUNPATH_SEARCH_PATHS = "$(inherited) @executable_path/Frameworks";
				PRODUCT_BUNDLE_IDENTIFIER = "Vlad-Software.ATask";
				PRODUCT_NAME = "$(TARGET_NAME)";
			};
			name = Debug;
		};
		F501594C1C18277C00A40945 /* Release */ = {
			isa = XCBuildConfiguration;
			buildSettings = {
				ASSETCATALOG_COMPILER_APPICON_NAME = AppIcon;
				ASSETCATALOG_COMPILER_LAUNCHIMAGE_NAME = LaunchImage;
				CODE_SIGN_IDENTITY = "iPhone Developer";
				INFOPLIST_FILE = ATask/Info.plist;
				IPHONEOS_DEPLOYMENT_TARGET = 7.0;
				LD_RUNPATH_SEARCH_PATHS = "$(inherited) @executable_path/Frameworks";
				PRODUCT_BUNDLE_IDENTIFIER = "Vlad-Software.ATask";
				PRODUCT_NAME = "$(TARGET_NAME)";
			};
			name = Release;
		};
		F501594E1C18277C00A40945 /* Debug */ = {
			isa = XCBuildConfiguration;
			buildSettings = {
				BUNDLE_LOADER = "$(TEST_HOST)";
				INFOPLIST_FILE = ATaskTests/Info.plist;
				LD_RUNPATH_SEARCH_PATHS = "$(inherited) @executable_path/Frameworks @loader_path/Frameworks";
				PRODUCT_BUNDLE_IDENTIFIER = "Vlad-Software.ATaskTests";
				PRODUCT_NAME = "$(TARGET_NAME)";
				TEST_HOST = "$(BUILT_PRODUCTS_DIR)/ATask.app/ATask";
			};
			name = Debug;
		};
		F501594F1C18277C00A40945 /* Release */ = {
			isa = XCBuildConfiguration;
			buildSettings = {
				BUNDLE_LOADER = "$(TEST_HOST)";
				INFOPLIST_FILE = ATaskTests/Info.plist;
				LD_RUNPATH_SEARCH_PATHS = "$(inherited) @executable_path/Frameworks @loader_path/Frameworks";
				PRODUCT_BUNDLE_IDENTIFIER = "Vlad-Software.ATaskTests";
				PRODUCT_NAME = "$(TARGET_NAME)";
				TEST_HOST = "$(BUILT_PRODUCTS_DIR)/ATask.app/ATask";
			};
			name = Release;
		};
		F50159511C18277C00A40945 /* Debug */ = {
			isa = XCBuildConfiguration;
			buildSettings = {
				INFOPLIST_FILE = ATaskUITests/Info.plist;
				LD_RUNPATH_SEARCH_PATHS = "$(inherited) @executable_path/Frameworks @loader_path/Frameworks";
				PRODUCT_BUNDLE_IDENTIFIER = "Vlad-Software.ATaskUITests";
				PRODUCT_NAME = "$(TARGET_NAME)";
				TEST_TARGET_NAME = ATask;
				USES_XCTRUNNER = YES;
			};
			name = Debug;
		};
		F50159521C18277C00A40945 /* Release */ = {
			isa = XCBuildConfiguration;
			buildSettings = {
				INFOPLIST_FILE = ATaskUITests/Info.plist;
				LD_RUNPATH_SEARCH_PATHS = "$(inherited) @executable_path/Frameworks @loader_path/Frameworks";
				PRODUCT_BUNDLE_IDENTIFIER = "Vlad-Software.ATaskUITests";
				PRODUCT_NAME = "$(TARGET_NAME)";
				TEST_TARGET_NAME = ATask;
				USES_XCTRUNNER = YES;
			};
			name = Release;
		};
/* End XCBuildConfiguration section */

/* Begin XCConfigurationList section */
		F50159181C18277B00A40945 /* Build configuration list for PBXProject "ATask" */ = {
			isa = XCConfigurationList;
			buildConfigurations = (
				F50159481C18277C00A40945 /* Debug */,
				F50159491C18277C00A40945 /* Release */,
			);
			defaultConfigurationIsVisible = 0;
			defaultConfigurationName = Release;
		};
		F501594A1C18277C00A40945 /* Build configuration list for PBXNativeTarget "ATask" */ = {
			isa = XCConfigurationList;
			buildConfigurations = (
				F501594B1C18277C00A40945 /* Debug */,
				F501594C1C18277C00A40945 /* Release */,
			);
			defaultConfigurationIsVisible = 0;
			defaultConfigurationName = Release;
		};
		F501594D1C18277C00A40945 /* Build configuration list for PBXNativeTarget "ATaskTests" */ = {
			isa = XCConfigurationList;
			buildConfigurations = (
				F501594E1C18277C00A40945 /* Debug */,
				F501594F1C18277C00A40945 /* Release */,
			);
			defaultConfigurationIsVisible = 0;
			defaultConfigurationName = Release;
		};
		F50159501C18277C00A40945 /* Build configuration list for PBXNativeTarget "ATaskUITests" */ = {
			isa = XCConfigurationList;
			buildConfigurations = (
				F50159511C18277C00A40945 /* Debug */,
				F50159521C18277C00A40945 /* Release */,
			);
			defaultConfigurationIsVisible = 0;
			defaultConfigurationName = Release;
		};
/* End XCConfigurationList section */
	};
	rootObject = F50159151C18277B00A40945 /* Project object */;
}
